
Microsoft Visual Studio Solution File, Format Version 12.00
# Visual Studio Version 17
VisualStudioVersion = 17.4.33213.308
MinimumVisualStudioVersion = 10.0.40219.1
Project("{9A19103F-16F7-4668-BE54-9A1E7A4F7556}") = "ImportData", "ImportData\ImportData.csproj", "{5327AA01-BADD-4E3A-9266-BAD88A2DB687}"
EndProject
Project("{FAE04EC0-301F-11D3-BF4B-00C04F79EFBC}") = "Tests", "Tests\Tests.csproj", "{015CBF99-F36F-48EC-AEFB-3A2B40101613}"
EndProject
Global
	GlobalSection(SolutionConfigurationPlatforms) = preSolution
		Debug|Any CPU = Debug|Any CPU
		Release|Any CPU = Release|Any CPU
	EndGlobalSection
	GlobalSection(ProjectConfigurationPlatforms) = postSolution
		{5327AA01-BADD-4E3A-9266-BAD88A2DB687}.Debug|Any CPU.ActiveCfg = Debug|Any CPU
		{5327AA01-BADD-4E3A-9266-BAD88A2DB687}.Debug|Any CPU.Build.0 = Debug|Any CPU
		{5327AA01-BADD-4E3A-9266-BAD88A2DB687}.Release|Any CPU.ActiveCfg = Release|Any CPU
		{5327AA01-BADD-4E3A-9266-BAD88A2DB687}.Release|Any CPU.Build.0 = Release|Any CPU
		{015CBF99-F36F-48EC-AEFB-3A2B40101613}.Debug|Any CPU.ActiveCfg = Debug|Any CPU
		{015CBF99-F36F-48EC-AEFB-3A2B40101613}.Debug|Any CPU.Build.0 = Debug|Any CPU
		{015CBF99-F36F-48EC-AEFB-3A2B40101613}.Release|Any CPU.ActiveCfg = Release|Any CPU
		{015CBF99-F36F-48EC-AEFB-3A2B40101613}.Release|Any CPU.Build.0 = Release|Any CPU
	EndGlobalSection
	GlobalSection(SolutionProperties) = preSolution
		HideSolutionNode = FALSE
	EndGlobalSection
	GlobalSection(ExtensibilityGlobals) = postSolution
		SolutionGuid = {50CFB31D-460D-4B73-AD6D-291B0B51F091}
	EndGlobalSection
EndGlobal
